
Microsoft Visual Studio Solution File, Format Version 12.00
# Visual Studio Version 17
VisualStudioVersion = 17.14.36414.22 d17.14
MinimumVisualStudioVersion = 10.0.40219.1
Project("{FAE04EC0-301F-11D3-BF4B-00C04F79EFBC}") = "YugiohShop", "YugiohShop\YugiohShop.csproj", "{A2CFB012-6AE4-4277-B874-365EDEBA4A13}"
EndProject
Global
	GlobalSection(SolutionConfigurationPlatforms) = preSolution
		Debug|Any CPU = Debug|Any CPU
		Release|Any CPU = Release|Any CPU
	EndGlobalSection
	GlobalSection(ProjectConfigurationPlatforms) = postSolution
		{A2CFB012-6AE4-4277-B874-365EDEBA4A13}.Debug|Any CPU.ActiveCfg = Debug|Any CPU
		{A2CFB012-6AE4-4277-B874-365EDEBA4A13}.Debug|Any CPU.Build.0 = Debug|Any CPU
		{A2CFB012-6AE4-4277-B874-365EDEBA4A13}.Release|Any CPU.ActiveCfg = Release|Any CPU
		{A2CFB012-6AE4-4277-B874-365EDEBA4A13}.Release|Any CPU.Build.0 = Release|Any CPU
	EndGlobalSection
	GlobalSection(SolutionProperties) = preSolution
		HideSolutionNode = FALSE
	EndGlobalSection
	GlobalSection(ExtensibilityGlobals) = postSolution
		SolutionGuid = {5545FF8B-9660-414F-811C-6682852ACF1E}
	EndGlobalSection
EndGlobal
